
Microsoft Visual Studio Solution File, Format Version 12.00
# Visual Studio Version 16
VisualStudioVersion = 16.0.30413.136
MinimumVisualStudioVersion = 10.0.40219.1
Project("{888888A0-9F3D-457C-B088-3A5042F75D52}") = "WBMQ-Testing-FE", "WBMQ-Testing-FE\WBMQ-Testing-FE.pyproj", "{463C8148-B687-4A4A-A7A1-D43B33441727}"
EndProject
Global
	GlobalSection(SolutionConfigurationPlatforms) = preSolution
		Debug|Any CPU = Debug|Any CPU
		Release|Any CPU = Release|Any CPU
	EndGlobalSection
	GlobalSection(ProjectConfigurationPlatforms) = postSolution
		{463C8148-B687-4A4A-A7A1-D43B33441727}.Debug|Any CPU.ActiveCfg = Debug|Any CPU
		{463C8148-B687-4A4A-A7A1-D43B33441727}.Release|Any CPU.ActiveCfg = Release|Any CPU
	EndGlobalSection
	GlobalSection(SolutionProperties) = preSolution
		HideSolutionNode = FALSE
	EndGlobalSection
	GlobalSection(ExtensibilityGlobals) = postSolution
		SolutionGuid = {68CE15DB-720D-4B82-99CB-0EE70CCC7A78}
	EndGlobalSection
EndGlobal
